// !$*UTF8*$!
{
	archiveVersion = 1;
	classes = {
	};
	objectVersion = 56;
	objects = {

/* Begin PBXBuildFile section */
		1D354C102CAB25EC00C4F1AC /* PasswordType.swift in Sources */ = {isa = PBXBuildFile; fileRef = 1D354C0F2CAB25EC00C4F1AC /* PasswordType.swift */; };
		1D354C122CAB25F900C4F1AC /* ValidationError.swift in Sources */ = {isa = PBXBuildFile; fileRef = 1D354C112CAB25F900C4F1AC /* ValidationError.swift */; };
		1D354C142CAB260600C4F1AC /* ValidationService.swift in Sources */ = {isa = PBXBuildFile; fileRef = 1D354C132CAB260600C4F1AC /* ValidationService.swift */; };
		1DC6EC592CA9D17600D5A6C6 /* AppDelegate.swift in Sources */ = {isa = PBXBuildFile; fileRef = 1DC6EC582CA9D17600D5A6C6 /* AppDelegate.swift */; };
		1DC6EC622CA9D17800D5A6C6 /* Assets.xcassets in Resources */ = {isa = PBXBuildFile; fileRef = 1DC6EC612CA9D17800D5A6C6 /* Assets.xcassets */; };
		1DC6EC652CA9D17800D5A6C6 /* Base in Resources */ = {isa = PBXBuildFile; fileRef = 1DC6EC642CA9D17800D5A6C6 /* Base */; };
		1DC6EC732CA9D3FD00D5A6C6 /* Colors.xcassets in Resources */ = {isa = PBXBuildFile; fileRef = 1DC6EC722CA9D3FD00D5A6C6 /* Colors.xcassets */; };
		1DC6EC752CA9D82B00D5A6C6 /* IPayViewController.swift in Sources */ = {isa = PBXBuildFile; fileRef = 1DC6EC742CA9D82B00D5A6C6 /* IPayViewController.swift */; };
		1DC6EC772CA9D84400D5A6C6 /* Storyboarded.swift in Sources */ = {isa = PBXBuildFile; fileRef = 1DC6EC762CA9D84400D5A6C6 /* Storyboarded.swift */; };
		1DC6EC792CA9DB6C00D5A6C6 /* Constants.swift in Sources */ = {isa = PBXBuildFile; fileRef = 1DC6EC782CA9DB6C00D5A6C6 /* Constants.swift */; };
		1DC6EC7C2CA9DC2600D5A6C6 /* UIColor+Extensions.swift in Sources */ = {isa = PBXBuildFile; fileRef = 1DC6EC7B2CA9DC2600D5A6C6 /* UIColor+Extensions.swift */; };
		1DC6EC7F2CA9DDB100D5A6C6 /* LoginScreenViewController.swift in Sources */ = {isa = PBXBuildFile; fileRef = 1DC6EC7E2CA9DDB100D5A6C6 /* LoginScreenViewController.swift */; };
		1DC6EC812CA9DDBD00D5A6C6 /* LoginScreen.storyboard in Resources */ = {isa = PBXBuildFile; fileRef = 1DC6EC802CA9DDBD00D5A6C6 /* LoginScreen.storyboard */; };
		1DC6EC842CA9DDF500D5A6C6 /* RegisterScreenViewController.swift in Sources */ = {isa = PBXBuildFile; fileRef = 1DC6EC832CA9DDF500D5A6C6 /* RegisterScreenViewController.swift */; };
		1DC6EC862CA9DE0000D5A6C6 /* RegisterScreen.storyboard in Resources */ = {isa = PBXBuildFile; fileRef = 1DC6EC852CA9DE0000D5A6C6 /* RegisterScreen.storyboard */; };
		1DC6EC892CA9DE6900D5A6C6 /* IPayTextField.swift in Sources */ = {isa = PBXBuildFile; fileRef = 1DC6EC882CA9DE6900D5A6C6 /* IPayTextField.swift */; };
		1DC6EC8B2CA9DE7F00D5A6C6 /* IPayButton.swift in Sources */ = {isa = PBXBuildFile; fileRef = 1DC6EC8A2CA9DE7F00D5A6C6 /* IPayButton.swift */; };
		1DC6EC8D2CA9DE8E00D5A6C6 /* IPayView.swift in Sources */ = {isa = PBXBuildFile; fileRef = 1DC6EC8C2CA9DE8E00D5A6C6 /* IPayView.swift */; };
		1DC6EC8F2CA9DEA600D5A6C6 /* IPayImageView.swift in Sources */ = {isa = PBXBuildFile; fileRef = 1DC6EC8E2CA9DEA600D5A6C6 /* IPayImageView.swift */; };
		1DC6EC912CA9EDD100D5A6C6 /* UITextField+Extensions.swift in Sources */ = {isa = PBXBuildFile; fileRef = 1DC6EC902CA9EDD100D5A6C6 /* UITextField+Extensions.swift */; };
/* End PBXBuildFile section */

/* Begin PBXFileReference section */
		1D354C0F2CAB25EC00C4F1AC /* PasswordType.swift */ = {isa = PBXFileReference; lastKnownFileType = sourcecode.swift; path = PasswordType.swift; sourceTree = "<group>"; };
		1D354C112CAB25F900C4F1AC /* ValidationError.swift */ = {isa = PBXFileReference; lastKnownFileType = sourcecode.swift; path = ValidationError.swift; sourceTree = "<group>"; };
		1D354C132CAB260600C4F1AC /* ValidationService.swift */ = {isa = PBXFileReference; lastKnownFileType = sourcecode.swift; path = ValidationService.swift; sourceTree = "<group>"; };
		1DC6EC552CA9D17600D5A6C6 /* iPay.app */ = {isa = PBXFileReference; explicitFileType = wrapper.application; includeInIndex = 0; path = iPay.app; sourceTree = BUILT_PRODUCTS_DIR; };
		1DC6EC582CA9D17600D5A6C6 /* AppDelegate.swift */ = {isa = PBXFileReference; lastKnownFileType = sourcecode.swift; path = AppDelegate.swift; sourceTree = "<group>"; };
		1DC6EC612CA9D17800D5A6C6 /* Assets.xcassets */ = {isa = PBXFileReference; lastKnownFileType = folder.assetcatalog; path = Assets.xcassets; sourceTree = "<group>"; };
		1DC6EC642CA9D17800D5A6C6 /* Base */ = {isa = PBXFileReference; lastKnownFileType = file.storyboard; name = Base; path = Base.lproj/LaunchScreen.storyboard; sourceTree = "<group>"; };
		1DC6EC662CA9D17800D5A6C6 /* Info.plist */ = {isa = PBXFileReference; lastKnownFileType = text.plist.xml; path = Info.plist; sourceTree = "<group>"; };
		1DC6EC722CA9D3FD00D5A6C6 /* Colors.xcassets */ = {isa = PBXFileReference; lastKnownFileType = folder.assetcatalog; path = Colors.xcassets; sourceTree = "<group>"; };
		1DC6EC742CA9D82B00D5A6C6 /* IPayViewController.swift */ = {isa = PBXFileReference; lastKnownFileType = sourcecode.swift; path = IPayViewController.swift; sourceTree = "<group>"; };
		1DC6EC762CA9D84400D5A6C6 /* Storyboarded.swift */ = {isa = PBXFileReference; lastKnownFileType = sourcecode.swift; path = Storyboarded.swift; sourceTree = "<group>"; };
		1DC6EC782CA9DB6C00D5A6C6 /* Constants.swift */ = {isa = PBXFileReference; lastKnownFileType = sourcecode.swift; path = Constants.swift; sourceTree = "<group>"; };
		1DC6EC7B2CA9DC2600D5A6C6 /* UIColor+Extensions.swift */ = {isa = PBXFileReference; lastKnownFileType = sourcecode.swift; path = "UIColor+Extensions.swift"; sourceTree = "<group>"; };
		1DC6EC7E2CA9DDB100D5A6C6 /* LoginScreenViewController.swift */ = {isa = PBXFileReference; lastKnownFileType = sourcecode.swift; path = LoginScreenViewController.swift; sourceTree = "<group>"; };
		1DC6EC802CA9DDBD00D5A6C6 /* LoginScreen.storyboard */ = {isa = PBXFileReference; lastKnownFileType = file.storyboard; path = LoginScreen.storyboard; sourceTree = "<group>"; };
		1DC6EC832CA9DDF500D5A6C6 /* RegisterScreenViewController.swift */ = {isa = PBXFileReference; lastKnownFileType = sourcecode.swift; path = RegisterScreenViewController.swift; sourceTree = "<group>"; };
		1DC6EC852CA9DE0000D5A6C6 /* RegisterScreen.storyboard */ = {isa = PBXFileReference; lastKnownFileType = file.storyboard; path = RegisterScreen.storyboard; sourceTree = "<group>"; };
		1DC6EC882CA9DE6900D5A6C6 /* IPayTextField.swift */ = {isa = PBXFileReference; lastKnownFileType = sourcecode.swift; path = IPayTextField.swift; sourceTree = "<group>"; };
		1DC6EC8A2CA9DE7F00D5A6C6 /* IPayButton.swift */ = {isa = PBXFileReference; lastKnownFileType = sourcecode.swift; path = IPayButton.swift; sourceTree = "<group>"; };
		1DC6EC8C2CA9DE8E00D5A6C6 /* IPayView.swift */ = {isa = PBXFileReference; lastKnownFileType = sourcecode.swift; path = IPayView.swift; sourceTree = "<group>"; };
		1DC6EC8E2CA9DEA600D5A6C6 /* IPayImageView.swift */ = {isa = PBXFileReference; lastKnownFileType = sourcecode.swift; path = IPayImageView.swift; sourceTree = "<group>"; };
		1DC6EC902CA9EDD100D5A6C6 /* UITextField+Extensions.swift */ = {isa = PBXFileReference; lastKnownFileType = sourcecode.swift; path = "UITextField+Extensions.swift"; sourceTree = "<group>"; };
/* End PBXFileReference section */

/* Begin PBXFrameworksBuildPhase section */
		1DC6EC522CA9D17600D5A6C6 /* Frameworks */ = {
			isa = PBXFrameworksBuildPhase;
			buildActionMask = 2147483647;
			files = (
			);
			runOnlyForDeploymentPostprocessing = 0;
		};
/* End PBXFrameworksBuildPhase section */

/* Begin PBXGroup section */
		1D354C0E2CAB25D600C4F1AC /* Validation */ = {
			isa = PBXGroup;
			children = (
				1D354C0F2CAB25EC00C4F1AC /* PasswordType.swift */,
				1D354C112CAB25F900C4F1AC /* ValidationError.swift */,
				1D354C132CAB260600C4F1AC /* ValidationService.swift */,
			);
			path = Validation;
			sourceTree = "<group>";
		};
		1DC6EC4C2CA9D17600D5A6C6 = {
			isa = PBXGroup;
			children = (
				1DC6EC572CA9D17600D5A6C6 /* iPay */,
				1DC6EC562CA9D17600D5A6C6 /* Products */,
			);
			sourceTree = "<group>";
		};
		1DC6EC562CA9D17600D5A6C6 /* Products */ = {
			isa = PBXGroup;
			children = (
				1DC6EC552CA9D17600D5A6C6 /* iPay.app */,
			);
			name = Products;
			sourceTree = "<group>";
		};
		1DC6EC572CA9D17600D5A6C6 /* iPay */ = {
			isa = PBXGroup;
			children = (
				1DC6EC712CA9D3BA00D5A6C6 /* Application */,
				1DC6EC6C2CA9D37F00D5A6C6 /* Helpers */,
				1DC6EC6D2CA9D38A00D5A6C6 /* Models */,
				1DC6EC6E2CA9D39800D5A6C6 /* Views */,
				1DC6EC6F2CA9D39E00D5A6C6 /* ViewModels */,
				1DC6EC702CA9D3A800D5A6C6 /* Resources */,
				1DC6EC662CA9D17800D5A6C6 /* Info.plist */,
			);
			path = iPay;
			sourceTree = "<group>";
		};
		1DC6EC6C2CA9D37F00D5A6C6 /* Helpers */ = {
			isa = PBXGroup;
			children = (
				1DC6EC742CA9D82B00D5A6C6 /* IPayViewController.swift */,
				1DC6EC762CA9D84400D5A6C6 /* Storyboarded.swift */,
				1DC6EC872CA9DE3500D5A6C6 /* IPayUIComponents */,
				1DC6EC7A2CA9DBED00D5A6C6 /* Extensions */,
				1DC6EC782CA9DB6C00D5A6C6 /* Constants.swift */,
				1D354C0E2CAB25D600C4F1AC /* Validation */,
			);
			path = Helpers;
			sourceTree = "<group>";
		};
		1DC6EC6D2CA9D38A00D5A6C6 /* Models */ = {
			isa = PBXGroup;
			children = (
			);
			path = Models;
			sourceTree = "<group>";
		};
		1DC6EC6E2CA9D39800D5A6C6 /* Views */ = {
			isa = PBXGroup;
			children = (
				1DC6EC632CA9D17800D5A6C6 /* LaunchScreen.storyboard */,
				1DC6EC7D2CA9DD8100D5A6C6 /* LoginScreenModule */,
				1DC6EC822CA9DDE100D5A6C6 /* RegisterScreenModule */,
			);
			path = Views;
			sourceTree = "<group>";
		};
		1DC6EC6F2CA9D39E00D5A6C6 /* ViewModels */ = {
			isa = PBXGroup;
			children = (
			);
			path = ViewModels;
			sourceTree = "<group>";
		};
		1DC6EC702CA9D3A800D5A6C6 /* Resources */ = {
			isa = PBXGroup;
			children = (
				1DC6EC612CA9D17800D5A6C6 /* Assets.xcassets */,
				1DC6EC722CA9D3FD00D5A6C6 /* Colors.xcassets */,
			);
			path = Resources;
			sourceTree = "<group>";
		};
		1DC6EC712CA9D3BA00D5A6C6 /* Application */ = {
			isa = PBXGroup;
			children = (
				1DC6EC582CA9D17600D5A6C6 /* AppDelegate.swift */,
			);
			path = Application;
			sourceTree = "<group>";
		};
		1DC6EC7A2CA9DBED00D5A6C6 /* Extensions */ = {
			isa = PBXGroup;
			children = (
				1DC6EC7B2CA9DC2600D5A6C6 /* UIColor+Extensions.swift */,
				1DC6EC902CA9EDD100D5A6C6 /* UITextField+Extensions.swift */,
			);
			path = Extensions;
			sourceTree = "<group>";
		};
		1DC6EC7D2CA9DD8100D5A6C6 /* LoginScreenModule */ = {
			isa = PBXGroup;
			children = (
				1DC6EC802CA9DDBD00D5A6C6 /* LoginScreen.storyboard */,
				1DC6EC7E2CA9DDB100D5A6C6 /* LoginScreenViewController.swift */,
			);
			path = LoginScreenModule;
			sourceTree = "<group>";
		};
		1DC6EC822CA9DDE100D5A6C6 /* RegisterScreenModule */ = {
			isa = PBXGroup;
			children = (
				1DC6EC852CA9DE0000D5A6C6 /* RegisterScreen.storyboard */,
				1DC6EC832CA9DDF500D5A6C6 /* RegisterScreenViewController.swift */,
			);
			path = RegisterScreenModule;
			sourceTree = "<group>";
		};
		1DC6EC872CA9DE3500D5A6C6 /* IPayUIComponents */ = {
			isa = PBXGroup;
			children = (
				1DC6EC882CA9DE6900D5A6C6 /* IPayTextField.swift */,
				1DC6EC8A2CA9DE7F00D5A6C6 /* IPayButton.swift */,
				1DC6EC8C2CA9DE8E00D5A6C6 /* IPayView.swift */,
				1DC6EC8E2CA9DEA600D5A6C6 /* IPayImageView.swift */,
			);
			path = IPayUIComponents;
			sourceTree = "<group>";
		};
/* End PBXGroup section */

/* Begin PBXNativeTarget section */
		1DC6EC542CA9D17600D5A6C6 /* iPay */ = {
			isa = PBXNativeTarget;
			buildConfigurationList = 1DC6EC692CA9D17800D5A6C6 /* Build configuration list for PBXNativeTarget "iPay" */;
			buildPhases = (
				1DC6EC512CA9D17600D5A6C6 /* Sources */,
				1DC6EC522CA9D17600D5A6C6 /* Frameworks */,
				1DC6EC532CA9D17600D5A6C6 /* Resources */,
			);
			buildRules = (
			);
			dependencies = (
			);
			name = iPay;
			productName = iPay;
			productReference = 1DC6EC552CA9D17600D5A6C6 /* iPay.app */;
			productType = "com.apple.product-type.application";
		};
/* End PBXNativeTarget section */

/* Begin PBXProject section */
		1DC6EC4D2CA9D17600D5A6C6 /* Project object */ = {
			isa = PBXProject;
			attributes = {
				BuildIndependentTargetsInParallel = 1;
				LastSwiftUpdateCheck = 1540;
				LastUpgradeCheck = 1540;
				TargetAttributes = {
					1DC6EC542CA9D17600D5A6C6 = {
						CreatedOnToolsVersion = 15.4;
					};
				};
			};
			buildConfigurationList = 1DC6EC502CA9D17600D5A6C6 /* Build configuration list for PBXProject "iPay" */;
			compatibilityVersion = "Xcode 14.0";
			developmentRegion = en;
			hasScannedForEncodings = 0;
			knownRegions = (
				en,
				Base,
			);
			mainGroup = 1DC6EC4C2CA9D17600D5A6C6;
			productRefGroup = 1DC6EC562CA9D17600D5A6C6 /* Products */;
			projectDirPath = "";
			projectRoot = "";
			targets = (
				1DC6EC542CA9D17600D5A6C6 /* iPay */,
			);
		};
/* End PBXProject section */

/* Begin PBXResourcesBuildPhase section */
		1DC6EC532CA9D17600D5A6C6 /* Resources */ = {
			isa = PBXResourcesBuildPhase;
			buildActionMask = 2147483647;
			files = (
				1DC6EC732CA9D3FD00D5A6C6 /* Colors.xcassets in Resources */,
				1DC6EC622CA9D17800D5A6C6 /* Assets.xcassets in Resources */,
				1DC6EC812CA9DDBD00D5A6C6 /* LoginScreen.storyboard in Resources */,
				1DC6EC652CA9D17800D5A6C6 /* Base in Resources */,
				1DC6EC862CA9DE0000D5A6C6 /* RegisterScreen.storyboard in Resources */,
			);
			runOnlyForDeploymentPostprocessing = 0;
		};
/* End PBXResourcesBuildPhase section */

/* Begin PBXSourcesBuildPhase section */
		1DC6EC512CA9D17600D5A6C6 /* Sources */ = {
			isa = PBXSourcesBuildPhase;
			buildActionMask = 2147483647;
			files = (
				1DC6EC592CA9D17600D5A6C6 /* AppDelegate.swift in Sources */,
				1DC6EC7C2CA9DC2600D5A6C6 /* UIColor+Extensions.swift in Sources */,
				1DC6EC892CA9DE6900D5A6C6 /* IPayTextField.swift in Sources */,
				1DC6EC7F2CA9DDB100D5A6C6 /* LoginScreenViewController.swift in Sources */,
				1DC6EC752CA9D82B00D5A6C6 /* IPayViewController.swift in Sources */,
				1DC6EC8F2CA9DEA600D5A6C6 /* IPayImageView.swift in Sources */,
				1DC6EC772CA9D84400D5A6C6 /* Storyboarded.swift in Sources */,
				1DC6EC8B2CA9DE7F00D5A6C6 /* IPayButton.swift in Sources */,
				1DC6EC8D2CA9DE8E00D5A6C6 /* IPayView.swift in Sources */,
				1D354C122CAB25F900C4F1AC /* ValidationError.swift in Sources */,
				1DC6EC912CA9EDD100D5A6C6 /* UITextField+Extensions.swift in Sources */,
				1D354C142CAB260600C4F1AC /* ValidationService.swift in Sources */,
				1DC6EC842CA9DDF500D5A6C6 /* RegisterScreenViewController.swift in Sources */,
				1DC6EC792CA9DB6C00D5A6C6 /* Constants.swift in Sources */,
				1D354C102CAB25EC00C4F1AC /* PasswordType.swift in Sources */,
			);
			runOnlyForDeploymentPostprocessing = 0;
		};
/* End PBXSourcesBuildPhase section */

/* Begin PBXVariantGroup section */
		1DC6EC632CA9D17800D5A6C6 /* LaunchScreen.storyboard */ = {
			isa = PBXVariantGroup;
			children = (
				1DC6EC642CA9D17800D5A6C6 /* Base */,
			);
			name = LaunchScreen.storyboard;
			sourceTree = "<group>";
		};
/* End PBXVariantGroup section */

/* Begin XCBuildConfiguration section */
		1DC6EC672CA9D17800D5A6C6 /* Debug */ = {
			isa = XCBuildConfiguration;
			buildSettings = {
				ALWAYS_SEARCH_USER_PATHS = NO;
				ASSETCATALOG_COMPILER_GENERATE_SWIFT_ASSET_SYMBOL_EXTENSIONS = YES;
				CLANG_ANALYZER_NONNULL = YES;
				CLANG_ANALYZER_NUMBER_OBJECT_CONVERSION = YES_AGGRESSIVE;
				CLANG_CXX_LANGUAGE_STANDARD = "gnu++20";
				CLANG_ENABLE_MODULES = YES;
				CLANG_ENABLE_OBJC_ARC = YES;
				CLANG_ENABLE_OBJC_WEAK = YES;
				CLANG_WARN_BLOCK_CAPTURE_AUTORELEASING = YES;
				CLANG_WARN_BOOL_CONVERSION = YES;
				CLANG_WARN_COMMA = YES;
				CLANG_WARN_CONSTANT_CONVERSION = YES;
				CLANG_WARN_DEPRECATED_OBJC_IMPLEMENTATIONS = YES;
				CLANG_WARN_DIRECT_OBJC_ISA_USAGE = YES_ERROR;
				CLANG_WARN_DOCUMENTATION_COMMENTS = YES;
				CLANG_WARN_EMPTY_BODY = YES;
				CLANG_WARN_ENUM_CONVERSION = YES;
				CLANG_WARN_INFINITE_RECURSION = YES;
				CLANG_WARN_INT_CONVERSION = YES;
				CLANG_WARN_NON_LITERAL_NULL_CONVERSION = YES;
				CLANG_WARN_OBJC_IMPLICIT_RETAIN_SELF = YES;
				CLANG_WARN_OBJC_LITERAL_CONVERSION = YES;
				CLANG_WARN_OBJC_ROOT_CLASS = YES_ERROR;
				CLANG_WARN_QUOTED_INCLUDE_IN_FRAMEWORK_HEADER = YES;
				CLANG_WARN_RANGE_LOOP_ANALYSIS = YES;
				CLANG_WARN_STRICT_PROTOTYPES = YES;
				CLANG_WARN_SUSPICIOUS_MOVE = YES;
				CLANG_WARN_UNGUARDED_AVAILABILITY = YES_AGGRESSIVE;
				CLANG_WARN_UNREACHABLE_CODE = YES;
				CLANG_WARN__DUPLICATE_METHOD_MATCH = YES;
				COPY_PHASE_STRIP = NO;
				DEBUG_INFORMATION_FORMAT = dwarf;
				ENABLE_STRICT_OBJC_MSGSEND = YES;
				ENABLE_TESTABILITY = YES;
				ENABLE_USER_SCRIPT_SANDBOXING = YES;
				GCC_C_LANGUAGE_STANDARD = gnu17;
				GCC_DYNAMIC_NO_PIC = NO;
				GCC_NO_COMMON_BLOCKS = YES;
				GCC_OPTIMIZATION_LEVEL = 0;
				GCC_PREPROCESSOR_DEFINITIONS = (
					"DEBUG=1",
					"$(inherited)",
				);
				GCC_WARN_64_TO_32_BIT_CONVERSION = YES;
				GCC_WARN_ABOUT_RETURN_TYPE = YES_ERROR;
				GCC_WARN_UNDECLARED_SELECTOR = YES;
				GCC_WARN_UNINITIALIZED_AUTOS = YES_AGGRESSIVE;
				GCC_WARN_UNUSED_FUNCTION = YES;
				GCC_WARN_UNUSED_VARIABLE = YES;
				IPHONEOS_DEPLOYMENT_TARGET = 17.5;
				LOCALIZATION_PREFERS_STRING_CATALOGS = YES;
				MTL_ENABLE_DEBUG_INFO = INCLUDE_SOURCE;
				MTL_FAST_MATH = YES;
				ONLY_ACTIVE_ARCH = YES;
				SDKROOT = iphoneos;
				SWIFT_ACTIVE_COMPILATION_CONDITIONS = "DEBUG $(inherited)";
				SWIFT_OPTIMIZATION_LEVEL = "-Onone";
			};
			name = Debug;
		};
		1DC6EC682CA9D17800D5A6C6 /* Release */ = {
			isa = XCBuildConfiguration;
			buildSettings = {
				ALWAYS_SEARCH_USER_PATHS = NO;
				ASSETCATALOG_COMPILER_GENERATE_SWIFT_ASSET_SYMBOL_EXTENSIONS = YES;
				CLANG_ANALYZER_NONNULL = YES;
				CLANG_ANALYZER_NUMBER_OBJECT_CONVERSION = YES_AGGRESSIVE;
				CLANG_CXX_LANGUAGE_STANDARD = "gnu++20";
				CLANG_ENABLE_MODULES = YES;
				CLANG_ENABLE_OBJC_ARC = YES;
				CLANG_ENABLE_OBJC_WEAK = YES;
				CLANG_WARN_BLOCK_CAPTURE_AUTORELEASING = YES;
				CLANG_WARN_BOOL_CONVERSION = YES;
				CLANG_WARN_COMMA = YES;
				CLANG_WARN_CONSTANT_CONVERSION = YES;
				CLANG_WARN_DEPRECATED_OBJC_IMPLEMENTATIONS = YES;
				CLANG_WARN_DIRECT_OBJC_ISA_USAGE = YES_ERROR;
				CLANG_WARN_DOCUMENTATION_COMMENTS = YES;
				CLANG_WARN_EMPTY_BODY = YES;
				CLANG_WARN_ENUM_CONVERSION = YES;
				CLANG_WARN_INFINITE_RECURSION = YES;
				CLANG_WARN_INT_CONVERSION = YES;
				CLANG_WARN_NON_LITERAL_NULL_CONVERSION = YES;
				CLANG_WARN_OBJC_IMPLICIT_RETAIN_SELF = YES;
				CLANG_WARN_OBJC_LITERAL_CONVERSION = YES;
				CLANG_WARN_OBJC_ROOT_CLASS = YES_ERROR;
				CLANG_WARN_QUOTED_INCLUDE_IN_FRAMEWORK_HEADER = YES;
				CLANG_WARN_RANGE_LOOP_ANALYSIS = YES;
				CLANG_WARN_STRICT_PROTOTYPES = YES;
				CLANG_WARN_SUSPICIOUS_MOVE = YES;
				CLANG_WARN_UNGUARDED_AVAILABILITY = YES_AGGRESSIVE;
				CLANG_WARN_UNREACHABLE_CODE = YES;
				CLANG_WARN__DUPLICATE_METHOD_MATCH = YES;
				COPY_PHASE_STRIP = NO;
				DEBUG_INFORMATION_FORMAT = "dwarf-with-dsym";
				ENABLE_NS_ASSERTIONS = NO;
				ENABLE_STRICT_OBJC_MSGSEND = YES;
				ENABLE_USER_SCRIPT_SANDBOXING = YES;
				GCC_C_LANGUAGE_STANDARD = gnu17;
				GCC_NO_COMMON_BLOCKS = YES;
				GCC_WARN_64_TO_32_BIT_CONVERSION = YES;
				GCC_WARN_ABOUT_RETURN_TYPE = YES_ERROR;
				GCC_WARN_UNDECLARED_SELECTOR = YES;
				GCC_WARN_UNINITIALIZED_AUTOS = YES_AGGRESSIVE;
				GCC_WARN_UNUSED_FUNCTION = YES;
				GCC_WARN_UNUSED_VARIABLE = YES;
				IPHONEOS_DEPLOYMENT_TARGET = 17.5;
				LOCALIZATION_PREFERS_STRING_CATALOGS = YES;
				MTL_ENABLE_DEBUG_INFO = NO;
				MTL_FAST_MATH = YES;
				SDKROOT = iphoneos;
				SWIFT_COMPILATION_MODE = wholemodule;
				VALIDATE_PRODUCT = YES;
			};
			name = Release;
		};
		1DC6EC6A2CA9D17800D5A6C6 /* Debug */ = {
			isa = XCBuildConfiguration;
			buildSettings = {
				ASSETCATALOG_COMPILER_APPICON_NAME = AppIcon;
				ASSETCATALOG_COMPILER_GLOBAL_ACCENT_COLOR_NAME = AccentColor;
				CODE_SIGN_STYLE = Automatic;
				CURRENT_PROJECT_VERSION = 1;
				DEVELOPMENT_TEAM = S727C47Y77;
				GENERATE_INFOPLIST_FILE = YES;
				INFOPLIST_FILE = iPay/Info.plist;
				INFOPLIST_KEY_NSMainNibFile = "";
				INFOPLIST_KEY_UIApplicationSupportsIndirectInputEvents = YES;
				INFOPLIST_KEY_UILaunchStoryboardName = LaunchScreen;
				INFOPLIST_KEY_UIMainStoryboardFile = "";
				INFOPLIST_KEY_UISupportedInterfaceOrientations_iPad = "UIInterfaceOrientationPortrait UIInterfaceOrientationPortraitUpsideDown UIInterfaceOrientationLandscapeLeft UIInterfaceOrientationLandscapeRight";
				INFOPLIST_KEY_UISupportedInterfaceOrientations_iPhone = "UIInterfaceOrientationPortrait UIInterfaceOrientationLandscapeLeft UIInterfaceOrientationLandscapeRight";
				LD_RUNPATH_SEARCH_PATHS = (
					"$(inherited)",
					"@executable_path/Frameworks",
				);
				MARKETING_VERSION = 1.0;
				PRODUCT_BUNDLE_IDENTIFIER = com.mycreationcollections.iPay;
				PRODUCT_NAME = "$(TARGET_NAME)";
				SWIFT_EMIT_LOC_STRINGS = YES;
				SWIFT_VERSION = 5.0;
				TARGETED_DEVICE_FAMILY = "1,2";
			};
			name = Debug;
		};
		1DC6EC6B2CA9D17800D5A6C6 /* Release */ = {
			isa = XCBuildConfiguration;
			buildSettings = {
				ASSETCATALOG_COMPILER_APPICON_NAME = AppIcon;
				ASSETCATALOG_COMPILER_GLOBAL_ACCENT_COLOR_NAME = AccentColor;
				CODE_SIGN_STYLE = Automatic;
				CURRENT_PROJECT_VERSION = 1;
				DEVELOPMENT_TEAM = S727C47Y77;
				GENERATE_INFOPLIST_FILE = YES;
				INFOPLIST_FILE = iPay/Info.plist;
				INFOPLIST_KEY_UIApplicationSupportsIndirectInputEvents = YES;
				INFOPLIST_KEY_UILaunchStoryboardName = LaunchScreen;
				INFOPLIST_KEY_UIMainStoryboardFile = "";
				INFOPLIST_KEY_UISupportedInterfaceOrientations_iPad = "UIInterfaceOrientationPortrait UIInterfaceOrientationPortraitUpsideDown UIInterfaceOrientationLandscapeLeft UIInterfaceOrientationLandscapeRight";
				INFOPLIST_KEY_UISupportedInterfaceOrientations_iPhone = "UIInterfaceOrientationPortrait UIInterfaceOrientationLandscapeLeft UIInterfaceOrientationLandscapeRight";
				LD_RUNPATH_SEARCH_PATHS = (
					"$(inherited)",
					"@executable_path/Frameworks",
				);
				MARKETING_VERSION = 1.0;
				PRODUCT_BUNDLE_IDENTIFIER = com.mycreationcollections.iPay;
				PRODUCT_NAME = "$(TARGET_NAME)";
				SWIFT_EMIT_LOC_STRINGS = YES;
				SWIFT_VERSION = 5.0;
				TARGETED_DEVICE_FAMILY = "1,2";
			};
			name = Release;
		};
/* End XCBuildConfiguration section */

/* Begin XCConfigurationList section */
		1DC6EC502CA9D17600D5A6C6 /* Build configuration list for PBXProject "iPay" */ = {
			isa = XCConfigurationList;
			buildConfigurations = (
				1DC6EC672CA9D17800D5A6C6 /* Debug */,
				1DC6EC682CA9D17800D5A6C6 /* Release */,
			);
			defaultConfigurationIsVisible = 0;
			defaultConfigurationName = Release;
		};
		1DC6EC692CA9D17800D5A6C6 /* Build configuration list for PBXNativeTarget "iPay" */ = {
			isa = XCConfigurationList;
			buildConfigurations = (
				1DC6EC6A2CA9D17800D5A6C6 /* Debug */,
				1DC6EC6B2CA9D17800D5A6C6 /* Release */,
			);
			defaultConfigurationIsVisible = 0;
			defaultConfigurationName = Release;
		};
/* End XCConfigurationList section */
	};
	rootObject = 1DC6EC4D2CA9D17600D5A6C6 /* Project object */;
}
